{
  "name": "jsvectormapmarkers",
  "version": "0.0.3",
  "lockfileVersion": 2,
  "requires": true,
  "packages": {
    "": {
      "name": "jsvectormapmarkers",
      "version": "0.0.3",
      "license": "MIT",
      "dependencies": {
        "jsvectormap": "^1.5.1",
        "jsvectormapmarkers": "^0.0.2"
      }
    },
    "node_modules/jsvectormap": {
      "version": "1.5.1",
      "resolved": "https://registry.npmjs.org/jsvectormap/-/jsvectormap-1.5.1.tgz",
      "integrity": "sha512-Ic2O8df/gPir2tJI+tcfWuzXNE6lI4GjBiRstBEDJx7yWIqzuJn8t3+1+/M3Ug8BCxBHhRMVPeMGLFh04al93w=="
    },
    "node_modules/jsvectormapmarkers": {
      "version": "0.0.2",
      "resolved": "https://registry.npmjs.org/jsvectormapmarkers/-/jsvectormapmarkers-0.0.2.tgz",
      "integrity": "sha512-rFpoERYBpfbRUBH0cwWp28XJTmd4HzG21ssE94tuL/V6bjlbjZrVdH7KWYMKecJMii+2CPPOrY7PeRlR0VNM8A==",
      "dependencies": {
        "jsvectormap": "^1.5.1"
      }
    }
  },
  "dependencies": {
    "jsvectormap": {
      "version": "1.5.1",
      "resolved": "https://registry.npmjs.org/jsvectormap/-/jsvectormap-1.5.1.tgz",
      "integrity": "sha512-Ic2O8df/gPir2tJI+tcfWuzXNE6lI4GjBiRstBEDJx7yWIqzuJn8t3+1+/M3Ug8BCxBHhRMVPeMGLFh04al93w=="
    },
    "jsvectormapmarkers": {
      "version": "0.0.2",
      "resolved": "https://registry.npmjs.org/jsvectormapmarkers/-/jsvectormapmarkers-0.0.2.tgz",
      "integrity": "sha512-rFpoERYBpfbRUBH0cwWp28XJTmd4HzG21ssE94tuL/V6bjlbjZrVdH7KWYMKecJMii+2CPPOrY7PeRlR0VNM8A==",
      "requires": {
        "jsvectormap": "^1.5.1"
      }
    }
  }
}
